PODS:
  - AppAuth (1.6.2):
    - AppAuth/Core (= 1.6.2)
    - AppAuth/ExternalUserAgent (= 1.6.2)
  - AppAuth/Core (1.6.2)
  - AppAuth/ExternalUserAgent (1.6.2):
    - AppAuth/Core
  - cloud_firestore (4.9.3):
    - Firebase/Firestore (= 10.15.0)
    - firebase_core
    - Flutter
    - nanopb (< 2.30910.0, >= 2.30908.0)
  - Firebase/Analytics (10.15.0):
    - Firebase/Core
  - Firebase/Auth (10.15.0):
    - Firebase/CoreOnly
    - FirebaseAuth (~> 10.15.0)
  - Firebase/Core (10.15.0):
    - Firebase/CoreOnly
    - FirebaseAnalytics (~> 10.15.0)
  - Firebase/CoreOnly (10.15.0):
    - FirebaseCore (= 10.15.0)
  - Firebase/Firestore (10.15.0):
    - Firebase/CoreOnly
    - FirebaseFirestore (~> 10.15.0)
  - Firebase/Storage (10.15.0):
    - Firebase/CoreOnly
    - FirebaseStorage (~> 10.15.0)
  - firebase_analytics (10.5.1):
    - Firebase/Analytics (= 10.15.0)
    - firebase_core
    - Flutter
  - firebase_auth (4.10.1):
    - Firebase/Auth (= 10.15.0)
    - firebase_core
    - Flutter
  - firebase_core (2.17.0):
    - Firebase/CoreOnly (= 10.15.0)
    - Flutter
  - firebase_storage (11.2.8):
    - Firebase/Storage (= 10.15.0)
    - firebase_core
    - Flutter
  - FirebaseAnalytics (10.15.0):
    - FirebaseAnalytics/AdIdSupport (= 10.15.0)
    - FirebaseCore (~> 10.0)
    - FirebaseInstallations (~> 10.0)
    - GoogleUtilities/AppDelegateSwizzler (~> 7.11)
    - GoogleUtilities/MethodSwizzler (~> 7.11)
    - GoogleUtilities/Network (~> 7.11)
    - "GoogleUtilities/NSData+zlib (~> 7.11)"
    - nanopb (< 2.30910.0, >= 2.30908.0)
  - FirebaseAnalytics/AdIdSupport (10.15.0):
    - FirebaseCore (~> 10.0)
    - FirebaseInstallations (~> 10.0)
    - GoogleAppMeasurement (= 10.15.0)
    - GoogleUtilities/AppDelegateSwizzler (~> 7.11)
    - GoogleUtilities/MethodSwizzler (~> 7.11)
    - GoogleUtilities/Network (~> 7.11)
    - "GoogleUtilities/NSData+zlib (~> 7.11)"
    - nanopb (< 2.30910.0, >= 2.30908.0)
  - FirebaseAppCheckInterop (10.20.0)
  - FirebaseAuth (10.15.0):
    - FirebaseAppCheckInterop (~> 10.0)
    - FirebaseCore (~> 10.0)
    - GoogleUtilities/AppDelegateSwizzler (~> 7.8)
    - GoogleUtilities/Environment (~> 7.8)
    - GTMSessionFetcher/Core (< 4.0, >= 2.1)
    - RecaptchaInterop (~> 100.0)
  - FirebaseAuthInterop (10.20.0)
  - FirebaseCore (10.15.0):
    - FirebaseCoreInternal (~> 10.0)
    - GoogleUtilities/Environment (~> 7.8)
    - GoogleUtilities/Logger (~> 7.8)
  - FirebaseCoreExtension (10.20.0):
    - FirebaseCore (~> 10.0)
  - FirebaseCoreInternal (10.20.0):
    - "GoogleUtilities/NSData+zlib (~> 7.8)"
  - FirebaseFirestore (10.15.0):
    - FirebaseFirestore/AutodetectLeveldb (= 10.15.0)
  - FirebaseFirestore/AutodetectLeveldb (10.15.0):
    - FirebaseFirestore/Base
    - FirebaseFirestore/WithLeveldb
  - FirebaseFirestore/Base (10.15.0)
  - FirebaseFirestore/WithLeveldb (10.15.0):
    - FirebaseFirestore/Base
  - FirebaseInstallations (10.20.0):
    - FirebaseCore (~> 10.0)
    - GoogleUtilities/Environment (~> 7.8)
    - GoogleUtilities/UserDefaults (~> 7.8)
    - PromisesObjC (~> 2.1)
  - FirebaseStorage (10.15.0):
    - FirebaseAppCheckInterop (~> 10.0)
    - FirebaseAuthInterop (~> 10.0)
    - FirebaseCore (~> 10.0)
    - FirebaseCoreExtension (~> 10.0)
    - GTMSessionFetcher/Core (< 4.0, >= 2.1)
  - Flutter (1.0.0)
  - flutter_image_compress_common (1.0.0):
    - Flutter
    - Mantle
    - SDWebImage
    - SDWebImageWebPCoder
  - google_sign_in_ios (0.0.1):
    - Flutter
    - FlutterMacOS
    - GoogleSignIn (~> 7.0)
  - GoogleAppMeasurement (10.15.0):
    - GoogleAppMeasurement/AdIdSupport (= 10.15.0)
    - GoogleUtilities/AppDelegateSwizzler (~> 7.11)
    - GoogleUtilities/MethodSwizzler (~> 7.11)
    - GoogleUtilities/Network (~> 7.11)
    - "GoogleUtilities/NSData+zlib (~> 7.11)"
    - nanopb (< 2.30910.0, >= 2.30908.0)
  - GoogleAppMeasurement/AdIdSupport (10.15.0):
    - GoogleAppMeasurement/WithoutAdIdSupport (= 10.15.0)
    - GoogleUtilities/AppDelegateSwizzler (~> 7.11)
    - GoogleUtilities/MethodSwizzler (~> 7.11)
    - GoogleUtilities/Network (~> 7.11)
    - "GoogleUtilities/NSData+zlib (~> 7.11)"
    - nanopb (< 2.30910.0, >= 2.30908.0)
  - GoogleAppMeasurement/WithoutAdIdSupport (10.15.0):
    - GoogleUtilities/AppDelegateSwizzler (~> 7.11)
    - GoogleUtilities/MethodSwizzler (~> 7.11)
    - GoogleUtilities/Network (~> 7.11)
    - "GoogleUtilities/NSData+zlib (~> 7.11)"
    - nanopb (< 2.30910.0, >= 2.30908.0)
  - GoogleSignIn (7.0.0):
    - AppAuth (~> 1.5)
    - GTMAppAuth (< 3.0, >= 1.3)
    - GTMSessionFetcher/Core (< 4.0, >= 1.1)
  - GoogleUtilities/AppDelegateSwizzler (7.12.0):
    - GoogleUtilities/Environment
    - GoogleUtilities/Logger
    - GoogleUtilities/Network
  - GoogleUtilities/Environment (7.12.0):
    - PromisesObjC (< 3.0, >= 1.2)
  - GoogleUtilities/Logger (7.12.0):
    - GoogleUtilities/Environment
  - GoogleUtilities/MethodSwizzler (7.12.0):
    - GoogleUtilities/Logger
  - GoogleUtilities/Network (7.12.0):
    - GoogleUtilities/Logger
    - "GoogleUtilities/NSData+zlib"
    - GoogleUtilities/Reachability
  - "GoogleUtilities/NSData+zlib (7.12.0)"
  - GoogleUtilities/Reachability (7.12.0):
    - GoogleUtilities/Logger
  - GoogleUtilities/UserDefaults (7.12.0):
    - GoogleUtilities/Logger
  - GTMAppAuth (2.0.0):
    - AppAuth/Core (~> 1.6)
    - GTMSessionFetcher/Core (< 4.0, >= 1.5)
  - GTMSessionFetcher/Core (2.3.0)
  - image_cropper (0.0.4):
    - Flutter
    - TOCropViewController (~> 2.6.1)
  - image_picker_ios (0.0.1):
    - Flutter
  - libwebp (1.3.2):
    - libwebp/demux (= 1.3.2)
    - libwebp/mux (= 1.3.2)
    - libwebp/sharpyuv (= 1.3.2)
    - libwebp/webp (= 1.3.2)
  - libwebp/demux (1.3.2):
    - libwebp/webp
  - libwebp/mux (1.3.2):
    - libwebp/demux
  - libwebp/sharpyuv (1.3.2)
  - libwebp/webp (1.3.2):
    - libwebp/sharpyuv
  - Mantle (2.2.0):
    - Mantle/extobjc (= 2.2.0)
  - Mantle/extobjc (2.2.0)
  - nanopb (2.30909.1):
    - nanopb/decode (= 2.30909.1)
    - nanopb/encode (= 2.30909.1)
  - nanopb/decode (2.30909.1)
  - nanopb/encode (2.30909.1)
  - path_provider_foundation (0.0.1):
    - Flutter
    - FlutterMacOS
  - PromisesObjC (2.3.1)
  - RecaptchaInterop (100.0.0)
  - SDWebImage (5.18.10):
    - SDWebImage/Core (= 5.18.10)
  - SDWebImage/Core (5.18.10)
  - SDWebImageWebPCoder (0.14.2):
    - libwebp (~> 1.0)
    - SDWebImage/Core (~> 5.17)
  - sqflite (0.0.3):
    - Flutter
    - FlutterMacOS
  - TOCropViewController (2.6.1)

DEPENDENCIES:
  - cloud_firestore (from `.symlinks/plugins/cloud_firestore/ios`)
  - firebase_analytics (from `.symlinks/plugins/firebase_analytics/ios`)
  - firebase_auth (from `.symlinks/plugins/firebase_auth/ios`)
  - firebase_core (from `.symlinks/plugins/firebase_core/ios`)
  - firebase_storage (from `.symlinks/plugins/firebase_storage/ios`)
  - FirebaseFirestore (from `https://github.com/invertase/firestore-ios-sdk-frameworks.git`, tag `10.15.0`)
  - Flutter (from `Flutter`)
  - flutter_image_compress_common (from `.symlinks/plugins/flutter_image_compress_common/ios`)
  - google_sign_in_ios (from `.symlinks/plugins/google_sign_in_ios/darwin`)
  - image_cropper (from `.symlinks/plugins/image_cropper/ios`)
  - image_picker_ios (from `.symlinks/plugins/image_picker_ios/ios`)
  - path_provider_foundation (from `.symlinks/plugins/path_provider_foundation/darwin`)
  - sqflite (from `.symlinks/plugins/sqflite/darwin`)

SPEC REPOS:
  trunk:
    - AppAuth
    - Firebase
    - FirebaseAnalytics
    - FirebaseAppCheckInterop
    - FirebaseAuth
    - FirebaseAuthInterop
    - FirebaseCore
    - FirebaseCoreExtension
    - FirebaseCoreInternal
    - FirebaseInstallations
    - FirebaseStorage
    - GoogleAppMeasurement
    - GoogleSignIn
    - GoogleUtilities
    - GTMAppAuth
    - GTMSessionFetcher
    - libwebp
    - Mantle
    - nanopb
    - PromisesObjC
    - RecaptchaInterop
    - SDWebImage
    - SDWebImageWebPCoder
    - TOCropViewController

EXTERNAL SOURCES:
  cloud_firestore:
    :path: ".symlinks/plugins/cloud_firestore/ios"
  firebase_analytics:
    :path: ".symlinks/plugins/firebase_analytics/ios"
  firebase_auth:
    :path: ".symlinks/plugins/firebase_auth/ios"
  firebase_core:
    :path: ".symlinks/plugins/firebase_core/ios"
  firebase_storage:
    :path: ".symlinks/plugins/firebase_storage/ios"
  FirebaseFirestore:
    :git: https://github.com/invertase/firestore-ios-sdk-frameworks.git
    :tag: 10.15.0
  Flutter:
    :path: Flutter
  flutter_image_compress_common:
    :path: ".symlinks/plugins/flutter_image_compress_common/ios"
  google_sign_in_ios:
    :path: ".symlinks/plugins/google_sign_in_ios/darwin"
  image_cropper:
    :path: ".symlinks/plugins/image_cropper/ios"
  image_picker_ios:
    :path: ".symlinks/plugins/image_picker_ios/ios"
  path_provider_foundation:
    :path: ".symlinks/plugins/path_provider_foundation/darwin"
  sqflite:
    :path: ".symlinks/plugins/sqflite/darwin"

CHECKOUT OPTIONS:
  FirebaseFirestore:
    :git: https://github.com/invertase/firestore-ios-sdk-frameworks.git
    :tag: 10.15.0

SPEC CHECKSUMS:
  AppAuth: 3bb1d1cd9340bd09f5ed189fb00b1cc28e1e8570
  cloud_firestore: 9c9fb3500360c9b338e9eb2fec40b38e7a004cac
  Firebase: 66043bd4579e5b73811f96829c694c7af8d67435
  firebase_analytics: f153c564d6a7675e56e4f171454b9f1b3e7b6601
  firebase_auth: b62e99e6ece589afe88ebe8919eb9563b52c384c
  firebase_core: 28e84c2a4fcf6a50ef83f47b145ded8c1fa331e4
  firebase_storage: 5aa5cd1cfc03814e3417b6718d805e5d1804f990
  FirebaseAnalytics: 47cef43728f81a839cf1306576bdd77ffa2eac7e
  FirebaseAppCheckInterop: e81bdb1cdb82f8e0cef353ba5018a8402682032c
  FirebaseAuth: a55ec5f7f8a5b1c2dd750235c1bb419bfb642445
  FirebaseAuthInterop: 6142981334978f7942ff0e8a6f8966c3b3c8ff37
  FirebaseCore: 2cec518b43635f96afe7ac3a9c513e47558abd2e
  FirebaseCoreExtension: 0659f035b88c5a7a15a9763c48c2e6ca8c0a2977
  FirebaseCoreInternal: efeeb171ac02d623bdaefe121539939821e10811
  FirebaseFirestore: 58d92e3cc19fd1c93e279d466aaf148ce6dbf635
  FirebaseInstallations: 558b1da7d65afeb996fd5c814332f013234ece4e
  FirebaseStorage: 1d4be239ea32fb3c0f3680a6f2b706d6cabe37f2
  Flutter: e0871f40cf51350855a761d2e70bf5af5b9b5de7
  flutter_image_compress_common: ec1d45c362c9d30a3f6a0426c297f47c52007e3e
  google_sign_in_ios: 1bfaf6607b44cd1b24c4d4bc39719870440f9ce1
  GoogleAppMeasurement: 722db6550d1e6d552b08398b69a975ac61039338
  GoogleSignIn: b232380cf495a429b8095d3178a8d5855b42e842
  GoogleUtilities: 0759d1a57ebb953965c2dfe0ba4c82e95ccc2e34
  GTMAppAuth: 99fb010047ba3973b7026e45393f51f27ab965ae
  GTMSessionFetcher: 3a63d75eecd6aa32c2fc79f578064e1214dfdec2
  image_cropper: a3291c624a953049bc6a02e1f8c8ceb162a24b25
  image_picker_ios: 99dfe1854b4fa34d0364e74a78448a0151025425
  libwebp: 1786c9f4ff8a279e4dac1e8f385004d5fc253009
  Mantle: c5aa8794a29a022dfbbfc9799af95f477a69b62d
  nanopb: d4d75c12cd1316f4a64e3c6963f879ecd4b5e0d5
  path_provider_foundation: 3784922295ac71e43754bd15e0653ccfd36a147c
  PromisesObjC: c50d2056b5253dadbd6c2bea79b0674bd5a52fa4
  RecaptchaInterop: 7d1a4a01a6b2cb1610a47ef3f85f0c411434cb21
  SDWebImage: fc8f2d48bbfd72ef39d70e981bd24a3f3be53fec
  SDWebImageWebPCoder: 633b813fca24f1de5e076bcd7f720c038b23892b
  sqflite: 673a0e54cc04b7d6dba8d24fb8095b31c3a99eec
  TOCropViewController: edfd4f25713d56905ad1e0b9f5be3fbe0f59c863

PODFILE CHECKSUM: 6b9853c5b0066d71cae39912f51dcaf160c22083

COCOAPODS: 1.14.3
